{
  "requires": true,
  "lockfileVersion": 1,
  "dependencies": {
    "push.js": {
      "version": "1.0.6",
      "resolved": "https://registry.npmjs.org/push.js/-/push.js-1.0.6.tgz",
      "integrity": "sha512-6O3sXNoQPuPymJAHPpJVHkRNVviCEvU3n4p1BLwo3ilHnciPuN0gXNoi7WYHbs1QR4uw7+0StXnI7e93dYjQvw=="
    }
  }
}
